// !$*UTF8*$!
{
	archiveVersion = 1;
	classes = {
	};
	objectVersion = 50;
	objects = {

/* Begin PBXBuildFile section */
		B51A670F266E61D1008E42E0 /* AppDelegate.swift in Sources */ = {isa = PBXBuildFile; fileRef = B51A670E266E61D1008E42E0 /* AppDelegate.swift */; };
		B51A6711266E61D1008E42E0 /* SceneDelegate.swift in Sources */ = {isa = PBXBuildFile; fileRef = B51A6710266E61D1008E42E0 /* SceneDelegate.swift */; };
		B51A6716266E61D1008E42E0 /* Main.storyboard in Resources */ = {isa = PBXBuildFile; fileRef = B51A6714266E61D1008E42E0 /* Main.storyboard */; };
		B51A6719266E61D1008E42E0 /* Bakernate.xcdatamodeld in Sources */ = {isa = PBXBuildFile; fileRef = B51A6717266E61D1008E42E0 /* Bakernate.xcdatamodeld */; };
		B51A671B266E61D1008E42E0 /* Assets.xcassets in Resources */ = {isa = PBXBuildFile; fileRef = B51A671A266E61D1008E42E0 /* Assets.xcassets */; };
		B51A671E266E61D1008E42E0 /* LaunchScreen.storyboard in Resources */ = {isa = PBXBuildFile; fileRef = B51A671C266E61D1008E42E0 /* LaunchScreen.storyboard */; };
		B51A6726266E6397008E42E0 /* .gitignore in Resources */ = {isa = PBXBuildFile; fileRef = B51A6725266E6397008E42E0 /* .gitignore */; };
		B51A6731266E6B52008E42E0 /* FavoritesViewController.swift in Sources */ = {isa = PBXBuildFile; fileRef = B51A6730266E6B52008E42E0 /* FavoritesViewController.swift */; };
		B51A6733266E6B6F008E42E0 /* SubstitutionViewController.swift in Sources */ = {isa = PBXBuildFile; fileRef = B51A6732266E6B6F008E42E0 /* SubstitutionViewController.swift */; };
		B51A6735266E6B99008E42E0 /* Substitution.storyboard in Resources */ = {isa = PBXBuildFile; fileRef = B51A6734266E6B99008E42E0 /* Substitution.storyboard */; };
		B51A6737266E6BA6008E42E0 /* Favorites.storyboard in Resources */ = {isa = PBXBuildFile; fileRef = B51A6736266E6BA6008E42E0 /* Favorites.storyboard */; };
		B5EE748C267204DC0010A680 /* PresentationController.swift in Sources */ = {isa = PBXBuildFile; fileRef = B5EE7488267204DC0010A680 /* PresentationController.swift */; };
		B5EE748D267204DC0010A680 /* InformationView.swift in Sources */ = {isa = PBXBuildFile; fileRef = B5EE7489267204DC0010A680 /* InformationView.swift */; };
		B5EE748E267204DC0010A680 /* InformationView.xib in Resources */ = {isa = PBXBuildFile; fileRef = B5EE748B267204DC0010A680 /* InformationView.xib */; };
/* End PBXBuildFile section */

/* Begin PBXFileReference section */
		B51A670B266E61D1008E42E0 /* Bakernate.app */ = {isa = PBXFileReference; explicitFileType = wrapper.application; includeInIndex = 0; path = Bakernate.app; sourceTree = BUILT_PRODUCTS_DIR; };
		B51A670E266E61D1008E42E0 /* AppDelegate.swift */ = {isa = PBXFileReference; lastKnownFileType = sourcecode.swift; path = AppDelegate.swift; sourceTree = "<group>"; };
		B51A6710266E61D1008E42E0 /* SceneDelegate.swift */ = {isa = PBXFileReference; lastKnownFileType = sourcecode.swift; path = SceneDelegate.swift; sourceTree = "<group>"; };
		B51A6715266E61D1008E42E0 /* Base */ = {isa = PBXFileReference; lastKnownFileType = file.storyboard; name = Base; path = Base.lproj/Main.storyboard; sourceTree = "<group>"; };
		B51A6718266E61D1008E42E0 /* Bakernate.xcdatamodel */ = {isa = PBXFileReference; lastKnownFileType = wrapper.xcdatamodel; path = Bakernate.xcdatamodel; sourceTree = "<group>"; };
		B51A671A266E61D1008E42E0 /* Assets.xcassets */ = {isa = PBXFileReference; lastKnownFileType = folder.assetcatalog; path = Assets.xcassets; sourceTree = "<group>"; };
		B51A671D266E61D1008E42E0 /* Base */ = {isa = PBXFileReference; lastKnownFileType = file.storyboard; name = Base; path = Base.lproj/LaunchScreen.storyboard; sourceTree = "<group>"; };
		B51A671F266E61D1008E42E0 /* Info.plist */ = {isa = PBXFileReference; lastKnownFileType = text.plist.xml; path = Info.plist; sourceTree = "<group>"; };
		B51A6725266E6397008E42E0 /* .gitignore */ = {isa = PBXFileReference; lastKnownFileType = text; path = .gitignore; sourceTree = "<group>"; };
		B51A6730266E6B52008E42E0 /* FavoritesViewController.swift */ = {isa = PBXFileReference; lastKnownFileType = sourcecode.swift; path = FavoritesViewController.swift; sourceTree = "<group>"; };
		B51A6732266E6B6F008E42E0 /* SubstitutionViewController.swift */ = {isa = PBXFileReference; lastKnownFileType = sourcecode.swift; path = SubstitutionViewController.swift; sourceTree = "<group>"; };
		B51A6734266E6B99008E42E0 /* Substitution.storyboard */ = {isa = PBXFileReference; lastKnownFileType = file.storyboard; path = Substitution.storyboard; sourceTree = "<group>"; };
		B51A6736266E6BA6008E42E0 /* Favorites.storyboard */ = {isa = PBXFileReference; lastKnownFileType = file.storyboard; path = Favorites.storyboard; sourceTree = "<group>"; };
		B5EE7488267204DC0010A680 /* PresentationController.swift */ = {isa = PBXFileReference; fileEncoding = 4; lastKnownFileType = sourcecode.swift; path = PresentationController.swift; sourceTree = "<group>"; };
		B5EE7489267204DC0010A680 /* InformationView.swift */ = {isa = PBXFileReference; fileEncoding = 4; lastKnownFileType = sourcecode.swift; path = InformationView.swift; sourceTree = "<group>"; };
		B5EE748B267204DC0010A680 /* InformationView.xib */ = {isa = PBXFileReference; fileEncoding = 4; lastKnownFileType = file.xib; path = InformationView.xib; sourceTree = "<group>"; };
/* End PBXFileReference section */

/* Begin PBXFrameworksBuildPhase section */
		B51A6708266E61D1008E42E0 /* Frameworks */ = {
			isa = PBXFrameworksBuildPhase;
			buildActionMask = 2147483647;
			files = (
			);
			runOnlyForDeploymentPostprocessing = 0;
		};
/* End PBXFrameworksBuildPhase section */

/* Begin PBXGroup section */
		B51A6702266E61D1008E42E0 = {
			isa = PBXGroup;
			children = (
				B51A670D266E61D1008E42E0 /* Bakernate */,
				B51A670C266E61D1008E42E0 /* Products */,
			);
			sourceTree = "<group>";
		};
		B51A670C266E61D1008E42E0 /* Products */ = {
			isa = PBXGroup;
			children = (
				B51A670B266E61D1008E42E0 /* Bakernate.app */,
			);
			name = Products;
			sourceTree = "<group>";
		};
		B51A670D266E61D1008E42E0 /* Bakernate */ = {
			isa = PBXGroup;
			children = (
				B51A6729266E69E8008E42E0 /* Model */,
				B51A6728266E69C3008E42E0 /* Pages */,
				B51A6727266E694F008E42E0 /* Themes */,
				B51A670E266E61D1008E42E0 /* AppDelegate.swift */,
				B51A6710266E61D1008E42E0 /* SceneDelegate.swift */,
				B51A6714266E61D1008E42E0 /* Main.storyboard */,
				B51A671A266E61D1008E42E0 /* Assets.xcassets */,
				B51A671C266E61D1008E42E0 /* LaunchScreen.storyboard */,
				B51A671F266E61D1008E42E0 /* Info.plist */,
				B51A6725266E6397008E42E0 /* .gitignore */,
			);
			path = Bakernate;
			sourceTree = "<group>";
		};
		B51A6727266E694F008E42E0 /* Themes */ = {
			isa = PBXGroup;
			children = (
			);
			path = Themes;
			sourceTree = "<group>";
		};
		B51A6728266E69C3008E42E0 /* Pages */ = {
			isa = PBXGroup;
			children = (
				B5EE7486267204DC0010A680 /* Information */,
				B51A672B266E6A44008E42E0 /* Favorites */,
				B51A672A266E6A3C008E42E0 /* Substitution */,
			);
			path = Pages;
			sourceTree = "<group>";
		};
		B51A6729266E69E8008E42E0 /* Model */ = {
			isa = PBXGroup;
			children = (
				B51A6717266E61D1008E42E0 /* Bakernate.xcdatamodeld */,
			);
			path = Model;
			sourceTree = "<group>";
		};
		B51A672A266E6A3C008E42E0 /* Substitution */ = {
			isa = PBXGroup;
			children = (
				B51A672D266E6B02008E42E0 /* Controller */,
				B51A672C266E6ADE008E42E0 /* View */,
			);
			path = Substitution;
			sourceTree = "<group>";
		};
		B51A672B266E6A44008E42E0 /* Favorites */ = {
			isa = PBXGroup;
			children = (
				B51A672E266E6B1F008E42E0 /* Controller */,
				B51A672F266E6B26008E42E0 /* View */,
			);
			path = Favorites;
			sourceTree = "<group>";
		};
		B51A672C266E6ADE008E42E0 /* View */ = {
			isa = PBXGroup;
			children = (
				B51A6734266E6B99008E42E0 /* Substitution.storyboard */,
			);
			path = View;
			sourceTree = "<group>";
		};
		B51A672D266E6B02008E42E0 /* Controller */ = {
			isa = PBXGroup;
			children = (
				B51A6732266E6B6F008E42E0 /* SubstitutionViewController.swift */,
			);
			path = Controller;
			sourceTree = "<group>";
		};
		B51A672E266E6B1F008E42E0 /* Controller */ = {
			isa = PBXGroup;
			children = (
				B51A6730266E6B52008E42E0 /* FavoritesViewController.swift */,
			);
			path = Controller;
			sourceTree = "<group>";
		};
		B51A672F266E6B26008E42E0 /* View */ = {
			isa = PBXGroup;
			children = (
				B51A6736266E6BA6008E42E0 /* Favorites.storyboard */,
			);
			path = View;
			sourceTree = "<group>";
		};
		B5EE7486267204DC0010A680 /* Information */ = {
			isa = PBXGroup;
			children = (
				B5EE7487267204DC0010A680 /* Controller */,
				B5EE748A267204DC0010A680 /* View */,
			);
			path = Information;
			sourceTree = "<group>";
		};
		B5EE7487267204DC0010A680 /* Controller */ = {
			isa = PBXGroup;
			children = (
				B5EE7488267204DC0010A680 /* PresentationController.swift */,
				B5EE7489267204DC0010A680 /* InformationView.swift */,
			);
			path = Controller;
			sourceTree = "<group>";
		};
		B5EE748A267204DC0010A680 /* View */ = {
			isa = PBXGroup;
			children = (
				B5EE748B267204DC0010A680 /* InformationView.xib */,
			);
			path = View;
			sourceTree = "<group>";
		};
/* End PBXGroup section */

/* Begin PBXNativeTarget section */
		B51A670A266E61D1008E42E0 /* Bakernate */ = {
			isa = PBXNativeTarget;
			buildConfigurationList = B51A6722266E61D1008E42E0 /* Build configuration list for PBXNativeTarget "Bakernate" */;
			buildPhases = (
				B51A6707266E61D1008E42E0 /* Sources */,
				B51A6708266E61D1008E42E0 /* Frameworks */,
				B51A6709266E61D1008E42E0 /* Resources */,
			);
			buildRules = (
			);
			dependencies = (
			);
			name = Bakernate;
			productName = Bakernate;
			productReference = B51A670B266E61D1008E42E0 /* Bakernate.app */;
			productType = "com.apple.product-type.application";
		};
/* End PBXNativeTarget section */

/* Begin PBXProject section */
		B51A6703266E61D1008E42E0 /* Project object */ = {
			isa = PBXProject;
			attributes = {
				LastSwiftUpdateCheck = 1250;
				LastUpgradeCheck = 1250;
				TargetAttributes = {
					B51A670A266E61D1008E42E0 = {
						CreatedOnToolsVersion = 12.5;
					};
				};
			};
			buildConfigurationList = B51A6706266E61D1008E42E0 /* Build configuration list for PBXProject "Bakernate" */;
			compatibilityVersion = "Xcode 9.3";
			developmentRegion = en;
			hasScannedForEncodings = 0;
			knownRegions = (
				en,
				Base,
			);
			mainGroup = B51A6702266E61D1008E42E0;
			productRefGroup = B51A670C266E61D1008E42E0 /* Products */;
			projectDirPath = "";
			projectRoot = "";
			targets = (
				B51A670A266E61D1008E42E0 /* Bakernate */,
			);
		};
/* End PBXProject section */

/* Begin PBXResourcesBuildPhase section */
		B51A6709266E61D1008E42E0 /* Resources */ = {
			isa = PBXResourcesBuildPhase;
			buildActionMask = 2147483647;
			files = (
				B51A6726266E6397008E42E0 /* .gitignore in Resources */,
				B51A6735266E6B99008E42E0 /* Substitution.storyboard in Resources */,
				B51A6737266E6BA6008E42E0 /* Favorites.storyboard in Resources */,
				B5EE748E267204DC0010A680 /* InformationView.xib in Resources */,
				B51A671E266E61D1008E42E0 /* LaunchScreen.storyboard in Resources */,
				B51A671B266E61D1008E42E0 /* Assets.xcassets in Resources */,
				B51A6716266E61D1008E42E0 /* Main.storyboard in Resources */,
			);
			runOnlyForDeploymentPostprocessing = 0;
		};
/* End PBXResourcesBuildPhase section */

/* Begin PBXSourcesBuildPhase section */
		B51A6707266E61D1008E42E0 /* Sources */ = {
			isa = PBXSourcesBuildPhase;
			buildActionMask = 2147483647;
			files = (
				B5EE748D267204DC0010A680 /* InformationView.swift in Sources */,
				B51A6733266E6B6F008E42E0 /* SubstitutionViewController.swift in Sources */,
				B51A670F266E61D1008E42E0 /* AppDelegate.swift in Sources */,
				B51A6711266E61D1008E42E0 /* SceneDelegate.swift in Sources */,
				B51A6731266E6B52008E42E0 /* FavoritesViewController.swift in Sources */,
				B51A6719266E61D1008E42E0 /* Bakernate.xcdatamodeld in Sources */,
				B5EE748C267204DC0010A680 /* PresentationController.swift in Sources */,
			);
			runOnlyForDeploymentPostprocessing = 0;
		};
/* End PBXSourcesBuildPhase section */

/* Begin PBXVariantGroup section */
		B51A6714266E61D1008E42E0 /* Main.storyboard */ = {
			isa = PBXVariantGroup;
			children = (
				B51A6715266E61D1008E42E0 /* Base */,
			);
			name = Main.storyboard;
			sourceTree = "<group>";
		};
		B51A671C266E61D1008E42E0 /* LaunchScreen.storyboard */ = {
			isa = PBXVariantGroup;
			children = (
				B51A671D266E61D1008E42E0 /* Base */,
			);
			name = LaunchScreen.storyboard;
			sourceTree = "<group>";
		};
/* End PBXVariantGroup section */

/* Begin XCBuildConfiguration section */
		B51A6720266E61D1008E42E0 /* Debug */ = {
			isa = XCBuildConfiguration;
			buildSettings = {
				ALWAYS_SEARCH_USER_PATHS = NO;
				CLANG_ANALYZER_NONNULL = YES;
				CLANG_ANALYZER_NUMBER_OBJECT_CONVERSION = YES_AGGRESSIVE;
				CLANG_CXX_LANGUAGE_STANDARD = "gnu++14";
				CLANG_CXX_LIBRARY = "libc++";
				CLANG_ENABLE_MODULES = YES;
				CLANG_ENABLE_OBJC_ARC = YES;
				CLANG_ENABLE_OBJC_WEAK = YES;
				CLANG_WARN_BLOCK_CAPTURE_AUTORELEASING = YES;
				CLANG_WARN_BOOL_CONVERSION = YES;
				CLANG_WARN_COMMA = YES;
				CLANG_WARN_CONSTANT_CONVERSION = YES;
				CLANG_WARN_DEPRECATED_OBJC_IMPLEMENTATIONS = YES;
				CLANG_WARN_DIRECT_OBJC_ISA_USAGE = YES_ERROR;
				CLANG_WARN_DOCUMENTATION_COMMENTS = YES;
				CLANG_WARN_EMPTY_BODY = YES;
				CLANG_WARN_ENUM_CONVERSION = YES;
				CLANG_WARN_INFINITE_RECURSION = YES;
				CLANG_WARN_INT_CONVERSION = YES;
				CLANG_WARN_NON_LITERAL_NULL_CONVERSION = YES;
				CLANG_WARN_OBJC_IMPLICIT_RETAIN_SELF = YES;
				CLANG_WARN_OBJC_LITERAL_CONVERSION = YES;
				CLANG_WARN_OBJC_ROOT_CLASS = YES_ERROR;
				CLANG_WARN_QUOTED_INCLUDE_IN_FRAMEWORK_HEADER = YES;
				CLANG_WARN_RANGE_LOOP_ANALYSIS = YES;
				CLANG_WARN_STRICT_PROTOTYPES = YES;
				CLANG_WARN_SUSPICIOUS_MOVE = YES;
				CLANG_WARN_UNGUARDED_AVAILABILITY = YES_AGGRESSIVE;
				CLANG_WARN_UNREACHABLE_CODE = YES;
				CLANG_WARN__DUPLICATE_METHOD_MATCH = YES;
				COPY_PHASE_STRIP = NO;
				DEBUG_INFORMATION_FORMAT = dwarf;
				ENABLE_STRICT_OBJC_MSGSEND = YES;
				ENABLE_TESTABILITY = YES;
				GCC_C_LANGUAGE_STANDARD = gnu11;
				GCC_DYNAMIC_NO_PIC = NO;
				GCC_NO_COMMON_BLOCKS = YES;
				GCC_OPTIMIZATION_LEVEL = 0;
				GCC_PREPROCESSOR_DEFINITIONS = (
					"DEBUG=1",
					"$(inherited)",
				);
				GCC_WARN_64_TO_32_BIT_CONVERSION = YES;
				GCC_WARN_ABOUT_RETURN_TYPE = YES_ERROR;
				GCC_WARN_UNDECLARED_SELECTOR = YES;
				GCC_WARN_UNINITIALIZED_AUTOS = YES_AGGRESSIVE;
				GCC_WARN_UNUSED_FUNCTION = YES;
				GCC_WARN_UNUSED_VARIABLE = YES;
				IPHONEOS_DEPLOYMENT_TARGET = 14.5;
				MTL_ENABLE_DEBUG_INFO = INCLUDE_SOURCE;
				MTL_FAST_MATH = YES;
				ONLY_ACTIVE_ARCH = YES;
				SDKROOT = iphoneos;
				SWIFT_ACTIVE_COMPILATION_CONDITIONS = DEBUG;
				SWIFT_OPTIMIZATION_LEVEL = "-Onone";
			};
			name = Debug;
		};
		B51A6721266E61D1008E42E0 /* Release */ = {
			isa = XCBuildConfiguration;
			buildSettings = {
				ALWAYS_SEARCH_USER_PATHS = NO;
				CLANG_ANALYZER_NONNULL = YES;
				CLANG_ANALYZER_NUMBER_OBJECT_CONVERSION = YES_AGGRESSIVE;
				CLANG_CXX_LANGUAGE_STANDARD = "gnu++14";
				CLANG_CXX_LIBRARY = "libc++";
				CLANG_ENABLE_MODULES = YES;
				CLANG_ENABLE_OBJC_ARC = YES;
				CLANG_ENABLE_OBJC_WEAK = YES;
				CLANG_WARN_BLOCK_CAPTURE_AUTORELEASING = YES;
				CLANG_WARN_BOOL_CONVERSION = YES;
				CLANG_WARN_COMMA = YES;
				CLANG_WARN_CONSTANT_CONVERSION = YES;
				CLANG_WARN_DEPRECATED_OBJC_IMPLEMENTATIONS = YES;
				CLANG_WARN_DIRECT_OBJC_ISA_USAGE = YES_ERROR;
				CLANG_WARN_DOCUMENTATION_COMMENTS = YES;
				CLANG_WARN_EMPTY_BODY = YES;
				CLANG_WARN_ENUM_CONVERSION = YES;
				CLANG_WARN_INFINITE_RECURSION = YES;
				CLANG_WARN_INT_CONVERSION = YES;
				CLANG_WARN_NON_LITERAL_NULL_CONVERSION = YES;
				CLANG_WARN_OBJC_IMPLICIT_RETAIN_SELF = YES;
				CLANG_WARN_OBJC_LITERAL_CONVERSION = YES;
				CLANG_WARN_OBJC_ROOT_CLASS = YES_ERROR;
				CLANG_WARN_QUOTED_INCLUDE_IN_FRAMEWORK_HEADER = YES;
				CLANG_WARN_RANGE_LOOP_ANALYSIS = YES;
				CLANG_WARN_STRICT_PROTOTYPES = YES;
				CLANG_WARN_SUSPICIOUS_MOVE = YES;
				CLANG_WARN_UNGUARDED_AVAILABILITY = YES_AGGRESSIVE;
				CLANG_WARN_UNREACHABLE_CODE = YES;
				CLANG_WARN__DUPLICATE_METHOD_MATCH = YES;
				COPY_PHASE_STRIP = NO;
				DEBUG_INFORMATION_FORMAT = "dwarf-with-dsym";
				ENABLE_NS_ASSERTIONS = NO;
				ENABLE_STRICT_OBJC_MSGSEND = YES;
				GCC_C_LANGUAGE_STANDARD = gnu11;
				GCC_NO_COMMON_BLOCKS = YES;
				GCC_WARN_64_TO_32_BIT_CONVERSION = YES;
				GCC_WARN_ABOUT_RETURN_TYPE = YES_ERROR;
				GCC_WARN_UNDECLARED_SELECTOR = YES;
				GCC_WARN_UNINITIALIZED_AUTOS = YES_AGGRESSIVE;
				GCC_WARN_UNUSED_FUNCTION = YES;
				GCC_WARN_UNUSED_VARIABLE = YES;
				IPHONEOS_DEPLOYMENT_TARGET = 14.5;
				MTL_ENABLE_DEBUG_INFO = NO;
				MTL_FAST_MATH = YES;
				SDKROOT = iphoneos;
				SWIFT_COMPILATION_MODE = wholemodule;
				SWIFT_OPTIMIZATION_LEVEL = "-O";
				VALIDATE_PRODUCT = YES;
			};
			name = Release;
		};
		B51A6723266E61D1008E42E0 /* Debug */ = {
			isa = XCBuildConfiguration;
			buildSettings = {
				ASSETCATALOG_COMPILER_APPICON_NAME = AppIcon;
				ASSETCATALOG_COMPILER_GLOBAL_ACCENT_COLOR_NAME = AccentColor;
				CODE_SIGN_STYLE = Automatic;
				INFOPLIST_FILE = Bakernate/Info.plist;
				LD_RUNPATH_SEARCH_PATHS = (
					"$(inherited)",
					"@executable_path/Frameworks",
				);
				PRODUCT_BUNDLE_IDENTIFIER = AppleAcademy.Bakernate;
				PRODUCT_NAME = "$(TARGET_NAME)";
				SWIFT_VERSION = 5.0;
				TARGETED_DEVICE_FAMILY = "1,2";
			};
			name = Debug;
		};
		B51A6724266E61D1008E42E0 /* Release */ = {
			isa = XCBuildConfiguration;
			buildSettings = {
				ASSETCATALOG_COMPILER_APPICON_NAME = AppIcon;
				ASSETCATALOG_COMPILER_GLOBAL_ACCENT_COLOR_NAME = AccentColor;
				CODE_SIGN_STYLE = Automatic;
				INFOPLIST_FILE = Bakernate/Info.plist;
				LD_RUNPATH_SEARCH_PATHS = (
					"$(inherited)",
					"@executable_path/Frameworks",
				);
				PRODUCT_BUNDLE_IDENTIFIER = AppleAcademy.Bakernate;
				PRODUCT_NAME = "$(TARGET_NAME)";
				SWIFT_VERSION = 5.0;
				TARGETED_DEVICE_FAMILY = "1,2";
			};
			name = Release;
		};
/* End XCBuildConfiguration section */

/* Begin XCConfigurationList section */
		B51A6706266E61D1008E42E0 /* Build configuration list for PBXProject "Bakernate" */ = {
			isa = XCConfigurationList;
			buildConfigurations = (
				B51A6720266E61D1008E42E0 /* Debug */,
				B51A6721266E61D1008E42E0 /* Release */,
			);
			defaultConfigurationIsVisible = 0;
			defaultConfigurationName = Release;
		};
		B51A6722266E61D1008E42E0 /* Build configuration list for PBXNativeTarget "Bakernate" */ = {
			isa = XCConfigurationList;
			buildConfigurations = (
				B51A6723266E61D1008E42E0 /* Debug */,
				B51A6724266E61D1008E42E0 /* Release */,
			);
			defaultConfigurationIsVisible = 0;
			defaultConfigurationName = Release;
		};
/* End XCConfigurationList section */

/* Begin XCVersionGroup section */
		B51A6717266E61D1008E42E0 /* Bakernate.xcdatamodeld */ = {
			isa = XCVersionGroup;
			children = (
				B51A6718266E61D1008E42E0 /* Bakernate.xcdatamodel */,
			);
			currentVersion = B51A6718266E61D1008E42E0 /* Bakernate.xcdatamodel */;
			path = Bakernate.xcdatamodeld;
			sourceTree = "<group>";
			versionGroupType = wrapper.xcdatamodel;
		};
/* End XCVersionGroup section */
	};
	rootObject = B51A6703266E61D1008E42E0 /* Project object */;
}
